{
  "name": "pi-basic-tools",
  "version": "0.1.0",
  "lockfileVersion": 3,
  "requires": true,
  "packages": {
    "": {
      "name": "pi-basic-tools",
      "version": "0.1.0",
      "license": "MIT",
      "peerDependencies": {
        "@earendil-works/pi-ai": "^0.74.0",
        "@earendil-works/pi-coding-agent": "^0.74.0",
        "@earendil-works/pi-tui": "^0.74.0",
        "@sinclair/typebox": "*"
      },
      "peerDependenciesMeta": {
        "@earendil-works/pi-ai": {
          "optional": true
        },
        "@earendil-works/pi-coding-agent": {
          "optional": true
        },
        "@earendil-works/pi-tui": {
          "optional": true
        },
        "@sinclair/typebox": {
          "optional": true
        }
      }
    }
  }
}
